# This file is generated by running "yarn install" inside your project.
# Manual changes might be lost - proceed with caution!

__metadata:
  version: 4
  cacheKey: 8

"final_project@workspace:.":
  version: 0.0.0-use.local
  resolution: "final_project@workspace:."
  dependencies:
    highcharts: ^9.1.2
  languageName: unknown
  linkType: soft

"highcharts@npm:^9.1.2":
  version: 9.1.2
  resolution: "highcharts@npm:9.1.2"
  checksum: 2ccfc3ba12b6e2d156684f9f0c40dab6d9810e83f51010ca0aa36412faa949b51781945c3fbabcec27ddac706af9a67cce088900ab8c94d5c1f6e431eb291662
  languageName: node
  linkType: hard
